// !$*UTF8*$!
{
	archiveVersion = 1;
	classes = {
	};
	objectVersion = 55;
	objects = {

/* Begin PBXBuildFile section */
		BD38334D2689836A00425DCF /* intro.png in Resources */ = {isa = PBXBuildFile; fileRef = BD38334C2689836A00425DCF /* intro.png */; };
		BD38334F26898D2E00425DCF /* video.jpg in Resources */ = {isa = PBXBuildFile; fileRef = BD38334E26898D2D00425DCF /* video.jpg */; };
		BD5581C0267F06CD0066DDEE /* Enjoy_Video_TogetherApp.swift in Sources */ = {isa = PBXBuildFile; fileRef = BD5581BF267F06CD0066DDEE /* Enjoy_Video_TogetherApp.swift */; };
		BD5581C2267F06CD0066DDEE /* ContentView.swift in Sources */ = {isa = PBXBuildFile; fileRef = BD5581C1267F06CD0066DDEE /* ContentView.swift */; };
		BD5581C4267F06CE0066DDEE /* Assets.xcassets in Resources */ = {isa = PBXBuildFile; fileRef = BD5581C3267F06CE0066DDEE /* Assets.xcassets */; };
		BD5581C7267F06CE0066DDEE /* Preview Assets.xcassets in Resources */ = {isa = PBXBuildFile; fileRef = BD5581C6267F06CE0066DDEE /* Preview Assets.xcassets */; };
		BD5581CF267F070D0066DDEE /* Flower Dance.mp4 in Resources */ = {isa = PBXBuildFile; fileRef = BD5581CE267F070D0066DDEE /* Flower Dance.mp4 */; };
		BD5581D1267F07FA0066DDEE /* 起风了.mp4 in Resources */ = {isa = PBXBuildFile; fileRef = BD5581D0267F07FA0066DDEE /* 起风了.mp4 */; };
		BD5581D3267F0BB30066DDEE /* The Truth That You Leave.mp4 in Resources */ = {isa = PBXBuildFile; fileRef = BD5581D2267F0BB30066DDEE /* The Truth That You Leave.mp4 */; };
		BD5581D5267F0D010066DDEE /* Merry Christmas Mr. Lawrence.mp4 in Resources */ = {isa = PBXBuildFile; fileRef = BD5581D4267F0D010066DDEE /* Merry Christmas Mr. Lawrence.mp4 */; };
		BD5581D7267F0DB30066DDEE /* 有点甜.mp4 in Resources */ = {isa = PBXBuildFile; fileRef = BD5581D6267F0DB30066DDEE /* 有点甜.mp4 */; };
		BD5581D9267F0FA30066DDEE /* 那年记忆中的追寻.mp4 in Resources */ = {isa = PBXBuildFile; fileRef = BD5581D8267F0FA30066DDEE /* 那年记忆中的追寻.mp4 */; };
		BD5581DC267F10010066DDEE /* VideoImages.swift in Sources */ = {isa = PBXBuildFile; fileRef = BD5581DB267F10010066DDEE /* VideoImages.swift */; };
		BD5581DF267F10BF0066DDEE /* Video.swift in Sources */ = {isa = PBXBuildFile; fileRef = BD5581DE267F10BF0066DDEE /* Video.swift */; };
		BD5581E2267F14F80066DDEE /* VideoCell.swift in Sources */ = {isa = PBXBuildFile; fileRef = BD5581E1267F14F80066DDEE /* VideoCell.swift */; };
		BD5581E4267F15570066DDEE /* Colors.swift in Sources */ = {isa = PBXBuildFile; fileRef = BD5581E3267F15570066DDEE /* Colors.swift */; };
		BD5581E6267F1CEF0066DDEE /* VideoListView.swift in Sources */ = {isa = PBXBuildFile; fileRef = BD5581E5267F1CEF0066DDEE /* VideoListView.swift */; };
		BD5581E9267F247B0066DDEE /* VideoPlayerView.swift in Sources */ = {isa = PBXBuildFile; fileRef = BD5581E8267F247B0066DDEE /* VideoPlayerView.swift */; };
		BD5581EB267F4BE30066DDEE /* UserDefault.swift in Sources */ = {isa = PBXBuildFile; fileRef = BD5581EA267F4BE20066DDEE /* UserDefault.swift */; };
		BD5581ED267F75AD0066DDEE /* Windows.swift in Sources */ = {isa = PBXBuildFile; fileRef = BD5581EC267F75AC0066DDEE /* Windows.swift */; };
/* End PBXBuildFile section */

/* Begin PBXFileReference section */
		BD13CFB62681588D0017D468 /* Enjoy Video Together.entitlements */ = {isa = PBXFileReference; lastKnownFileType = text.plist.entitlements; path = "Enjoy Video Together.entitlements"; sourceTree = "<group>"; };
		BD38334C2689836A00425DCF /* intro.png */ = {isa = PBXFileReference; lastKnownFileType = image.png; path = intro.png; sourceTree = "<group>"; };
		BD38334E26898D2D00425DCF /* video.jpg */ = {isa = PBXFileReference; lastKnownFileType = image.jpeg; path = video.jpg; sourceTree = "<group>"; };
		BD5581BC267F06CD0066DDEE /* Enjoy Video Together.app */ = {isa = PBXFileReference; explicitFileType = wrapper.application; includeInIndex = 0; path = "Enjoy Video Together.app"; sourceTree = BUILT_PRODUCTS_DIR; };
		BD5581BF267F06CD0066DDEE /* Enjoy_Video_TogetherApp.swift */ = {isa = PBXFileReference; lastKnownFileType = sourcecode.swift; path = Enjoy_Video_TogetherApp.swift; sourceTree = "<group>"; };
		BD5581C1267F06CD0066DDEE /* ContentView.swift */ = {isa = PBXFileReference; lastKnownFileType = sourcecode.swift; path = ContentView.swift; sourceTree = "<group>"; };
		BD5581C3267F06CE0066DDEE /* Assets.xcassets */ = {isa = PBXFileReference; lastKnownFileType = folder.assetcatalog; path = Assets.xcassets; sourceTree = "<group>"; };
		BD5581C6267F06CE0066DDEE /* Preview Assets.xcassets */ = {isa = PBXFileReference; lastKnownFileType = folder.assetcatalog; path = "Preview Assets.xcassets"; sourceTree = "<group>"; };
		BD5581CE267F070D0066DDEE /* Flower Dance.mp4 */ = {isa = PBXFileReference; lastKnownFileType = file; path = "Flower Dance.mp4"; sourceTree = "<group>"; };
		BD5581D0267F07FA0066DDEE /* 起风了.mp4 */ = {isa = PBXFileReference; lastKnownFileType = file; path = "起风了.mp4"; sourceTree = "<group>"; };
		BD5581D2267F0BB30066DDEE /* The Truth That You Leave.mp4 */ = {isa = PBXFileReference; lastKnownFileType = file; path = "The Truth That You Leave.mp4"; sourceTree = "<group>"; };
		BD5581D4267F0D010066DDEE /* Merry Christmas Mr. Lawrence.mp4 */ = {isa = PBXFileReference; lastKnownFileType = file; path = "Merry Christmas Mr. Lawrence.mp4"; sourceTree = "<group>"; };
		BD5581D6267F0DB30066DDEE /* 有点甜.mp4 */ = {isa = PBXFileReference; lastKnownFileType = file; path = "有点甜.mp4"; sourceTree = "<group>"; };
		BD5581D8267F0FA30066DDEE /* 那年记忆中的追寻.mp4 */ = {isa = PBXFileReference; lastKnownFileType = file; path = "那年记忆中的追寻.mp4"; sourceTree = "<group>"; };
		BD5581DB267F10010066DDEE /* VideoImages.swift */ = {isa = PBXFileReference; lastKnownFileType = sourcecode.swift; path = VideoImages.swift; sourceTree = "<group>"; };
		BD5581DE267F10BF0066DDEE /* Video.swift */ = {isa = PBXFileReference; lastKnownFileType = sourcecode.swift; path = Video.swift; sourceTree = "<group>"; };
		BD5581E1267F14F80066DDEE /* VideoCell.swift */ = {isa = PBXFileReference; lastKnownFileType = sourcecode.swift; path = VideoCell.swift; sourceTree = "<group>"; };
		BD5581E3267F15570066DDEE /* Colors.swift */ = {isa = PBXFileReference; lastKnownFileType = sourcecode.swift; path = Colors.swift; sourceTree = "<group>"; };
		BD5581E5267F1CEF0066DDEE /* VideoListView.swift */ = {isa = PBXFileReference; lastKnownFileType = sourcecode.swift; path = VideoListView.swift; sourceTree = "<group>"; };
		BD5581E7267F1F170066DDEE /* Enjoy-Video-Together-Info.plist */ = {isa = PBXFileReference; lastKnownFileType = text.plist; path = "Enjoy-Video-Together-Info.plist"; sourceTree = SOURCE_ROOT; };
		BD5581E8267F247B0066DDEE /* VideoPlayerView.swift */ = {isa = PBXFileReference; lastKnownFileType = sourcecode.swift; path = VideoPlayerView.swift; sourceTree = "<group>"; };
		BD5581EA267F4BE20066DDEE /* UserDefault.swift */ = {isa = PBXFileReference; lastKnownFileType = sourcecode.swift; path = UserDefault.swift; sourceTree = "<group>"; };
		BD5581EC267F75AC0066DDEE /* Windows.swift */ = {isa = PBXFileReference; lastKnownFileType = sourcecode.swift; path = Windows.swift; sourceTree = "<group>"; };
/* End PBXFileReference section */

/* Begin PBXFrameworksBuildPhase section */
		BD5581B9267F06CD0066DDEE /* Frameworks */ = {
			isa = PBXFrameworksBuildPhase;
			buildActionMask = 2147483647;
			files = (
			);
			runOnlyForDeploymentPostprocessing = 0;
		};
/* End PBXFrameworksBuildPhase section */

/* Begin PBXGroup section */
		BD5581B3267F06CD0066DDEE = {
			isa = PBXGroup;
			children = (
				BD5581BE267F06CD0066DDEE /* Enjoy Video Together */,
				BD5581BD267F06CD0066DDEE /* Products */,
			);
			sourceTree = "<group>";
		};
		BD5581BD267F06CD0066DDEE /* Products */ = {
			isa = PBXGroup;
			children = (
				BD5581BC267F06CD0066DDEE /* Enjoy Video Together.app */,
			);
			name = Products;
			sourceTree = "<group>";
		};
		BD5581BE267F06CD0066DDEE /* Enjoy Video Together */ = {
			isa = PBXGroup;
			children = (
				BD13CFB62681588D0017D468 /* Enjoy Video Together.entitlements */,
				BD5581E7267F1F170066DDEE /* Enjoy-Video-Together-Info.plist */,
				BD5581BF267F06CD0066DDEE /* Enjoy_Video_TogetherApp.swift */,
				BD5581C1267F06CD0066DDEE /* ContentView.swift */,
				BD5581DD267F10B30066DDEE /* Data */,
				BD5581DA267F0FD10066DDEE /* Extensions */,
				BD5581E0267F14BE0066DDEE /* Views */,
				BD5581CD267F06FB0066DDEE /* Resources */,
				BD5581C3267F06CE0066DDEE /* Assets.xcassets */,
				BD5581C5267F06CE0066DDEE /* Preview Content */,
			);
			path = "Enjoy Video Together";
			sourceTree = "<group>";
		};
		BD5581C5267F06CE0066DDEE /* Preview Content */ = {
			isa = PBXGroup;
			children = (
				BD5581C6267F06CE0066DDEE /* Preview Assets.xcassets */,
			);
			path = "Preview Content";
			sourceTree = "<group>";
		};
		BD5581CD267F06FB0066DDEE /* Resources */ = {
			isa = PBXGroup;
			children = (
				BD38334E26898D2D00425DCF /* video.jpg */,
				BD38334C2689836A00425DCF /* intro.png */,
				BD5581D8267F0FA30066DDEE /* 那年记忆中的追寻.mp4 */,
				BD5581D6267F0DB30066DDEE /* 有点甜.mp4 */,
				BD5581D4267F0D010066DDEE /* Merry Christmas Mr. Lawrence.mp4 */,
				BD5581D2267F0BB30066DDEE /* The Truth That You Leave.mp4 */,
				BD5581D0267F07FA0066DDEE /* 起风了.mp4 */,
				BD5581CE267F070D0066DDEE /* Flower Dance.mp4 */,
			);
			path = Resources;
			sourceTree = "<group>";
		};
		BD5581DA267F0FD10066DDEE /* Extensions */ = {
			isa = PBXGroup;
			children = (
				BD5581DB267F10010066DDEE /* VideoImages.swift */,
				BD5581E3267F15570066DDEE /* Colors.swift */,
				BD5581EC267F75AC0066DDEE /* Windows.swift */,
			);
			path = Extensions;
			sourceTree = "<group>";
		};
		BD5581DD267F10B30066DDEE /* Data */ = {
			isa = PBXGroup;
			children = (
				BD5581DE267F10BF0066DDEE /* Video.swift */,
				BD5581EA267F4BE20066DDEE /* UserDefault.swift */,
			);
			path = Data;
			sourceTree = "<group>";
		};
		BD5581E0267F14BE0066DDEE /* Views */ = {
			isa = PBXGroup;
			children = (
				BD5581E1267F14F80066DDEE /* VideoCell.swift */,
				BD5581E5267F1CEF0066DDEE /* VideoListView.swift */,
				BD5581E8267F247B0066DDEE /* VideoPlayerView.swift */,
			);
			path = Views;
			sourceTree = "<group>";
		};
/* End PBXGroup section */

/* Begin PBXNativeTarget section */
		BD5581BB267F06CD0066DDEE /* Enjoy Video Together */ = {
			isa = PBXNativeTarget;
			buildConfigurationList = BD5581CA267F06CE0066DDEE /* Build configuration list for PBXNativeTarget "Enjoy Video Together" */;
			buildPhases = (
				BD5581B8267F06CD0066DDEE /* Sources */,
				BD5581B9267F06CD0066DDEE /* Frameworks */,
				BD5581BA267F06CD0066DDEE /* Resources */,
			);
			buildRules = (
			);
			dependencies = (
			);
			name = "Enjoy Video Together";
			productName = "Enjoy Video Together";
			productReference = BD5581BC267F06CD0066DDEE /* Enjoy Video Together.app */;
			productType = "com.apple.product-type.application";
		};
/* End PBXNativeTarget section */

/* Begin PBXProject section */
		BD5581B4267F06CD0066DDEE /* Project object */ = {
			isa = PBXProject;
			attributes = {
				BuildIndependentTargetsInParallel = 1;
				LastSwiftUpdateCheck = 1300;
				LastUpgradeCheck = 1300;
				TargetAttributes = {
					BD5581BB267F06CD0066DDEE = {
						CreatedOnToolsVersion = 13.0;
					};
				};
			};
			buildConfigurationList = BD5581B7267F06CD0066DDEE /* Build configuration list for PBXProject "Enjoy Video Together" */;
			compatibilityVersion = "Xcode 13.0";
			developmentRegion = en;
			hasScannedForEncodings = 0;
			knownRegions = (
				en,
				Base,
			);
			mainGroup = BD5581B3267F06CD0066DDEE;
			productRefGroup = BD5581BD267F06CD0066DDEE /* Products */;
			projectDirPath = "";
			projectRoot = "";
			targets = (
				BD5581BB267F06CD0066DDEE /* Enjoy Video Together */,
			);
		};
/* End PBXProject section */

/* Begin PBXResourcesBuildPhase section */
		BD5581BA267F06CD0066DDEE /* Resources */ = {
			isa = PBXResourcesBuildPhase;
			buildActionMask = 2147483647;
			files = (
				BD5581CF267F070D0066DDEE /* Flower Dance.mp4 in Resources */,
				BD5581D9267F0FA30066DDEE /* 那年记忆中的追寻.mp4 in Resources */,
				BD5581D7267F0DB30066DDEE /* 有点甜.mp4 in Resources */,
				BD38334F26898D2E00425DCF /* video.jpg in Resources */,
				BD5581D5267F0D010066DDEE /* Merry Christmas Mr. Lawrence.mp4 in Resources */,
				BD5581D1267F07FA0066DDEE /* 起风了.mp4 in Resources */,
				BD5581C7267F06CE0066DDEE /* Preview Assets.xcassets in Resources */,
				BD5581C4267F06CE0066DDEE /* Assets.xcassets in Resources */,
				BD5581D3267F0BB30066DDEE /* The Truth That You Leave.mp4 in Resources */,
				BD38334D2689836A00425DCF /* intro.png in Resources */,
			);
			runOnlyForDeploymentPostprocessing = 0;
		};
/* End PBXResourcesBuildPhase section */

/* Begin PBXSourcesBuildPhase section */
		BD5581B8267F06CD0066DDEE /* Sources */ = {
			isa = PBXSourcesBuildPhase;
			buildActionMask = 2147483647;
			files = (
				BD5581E2267F14F80066DDEE /* VideoCell.swift in Sources */,
				BD5581E4267F15570066DDEE /* Colors.swift in Sources */,
				BD5581E6267F1CEF0066DDEE /* VideoListView.swift in Sources */,
				BD5581DC267F10010066DDEE /* VideoImages.swift in Sources */,
				BD5581DF267F10BF0066DDEE /* Video.swift in Sources */,
				BD5581ED267F75AD0066DDEE /* Windows.swift in Sources */,
				BD5581EB267F4BE30066DDEE /* UserDefault.swift in Sources */,
				BD5581C2267F06CD0066DDEE /* ContentView.swift in Sources */,
				BD5581C0267F06CD0066DDEE /* Enjoy_Video_TogetherApp.swift in Sources */,
				BD5581E9267F247B0066DDEE /* VideoPlayerView.swift in Sources */,
			);
			runOnlyForDeploymentPostprocessing = 0;
		};
/* End PBXSourcesBuildPhase section */

/* Begin XCBuildConfiguration section */
		BD5581C8267F06CE0066DDEE /* Debug */ = {
			isa = XCBuildConfiguration;
			buildSettings = {
				ALWAYS_SEARCH_USER_PATHS = NO;
				CLANG_ANALYZER_NONNULL = YES;
				CLANG_ANALYZER_NUMBER_OBJECT_CONVERSION = YES_AGGRESSIVE;
				CLANG_CXX_LANGUAGE_STANDARD = "gnu++14";
				CLANG_CXX_LIBRARY = "libc++";
				CLANG_ENABLE_MODULES = YES;
				CLANG_ENABLE_OBJC_ARC = YES;
				CLANG_ENABLE_OBJC_WEAK = YES;
				CLANG_WARN_BLOCK_CAPTURE_AUTORELEASING = YES;
				CLANG_WARN_BOOL_CONVERSION = YES;
				CLANG_WARN_COMMA = YES;
				CLANG_WARN_CONSTANT_CONVERSION = YES;
				CLANG_WARN_DEPRECATED_OBJC_IMPLEMENTATIONS = YES;
				CLANG_WARN_DIRECT_OBJC_ISA_USAGE = YES_ERROR;
				CLANG_WARN_DOCUMENTATION_COMMENTS = YES;
				CLANG_WARN_EMPTY_BODY = YES;
				CLANG_WARN_ENUM_CONVERSION = YES;
				CLANG_WARN_INFINITE_RECURSION = YES;
				CLANG_WARN_INT_CONVERSION = YES;
				CLANG_WARN_NON_LITERAL_NULL_CONVERSION = YES;
				CLANG_WARN_OBJC_IMPLICIT_RETAIN_SELF = YES;
				CLANG_WARN_OBJC_LITERAL_CONVERSION = YES;
				CLANG_WARN_OBJC_ROOT_CLASS = YES_ERROR;
				CLANG_WARN_QUOTED_INCLUDE_IN_FRAMEWORK_HEADER = YES;
				CLANG_WARN_RANGE_LOOP_ANALYSIS = YES;
				CLANG_WARN_STRICT_PROTOTYPES = YES;
				CLANG_WARN_SUSPICIOUS_MOVE = YES;
				CLANG_WARN_UNGUARDED_AVAILABILITY = YES_AGGRESSIVE;
				CLANG_WARN_UNREACHABLE_CODE = YES;
				CLANG_WARN__DUPLICATE_METHOD_MATCH = YES;
				COPY_PHASE_STRIP = NO;
				DEBUG_INFORMATION_FORMAT = dwarf;
				ENABLE_STRICT_OBJC_MSGSEND = YES;
				ENABLE_TESTABILITY = YES;
				GCC_C_LANGUAGE_STANDARD = gnu11;
				GCC_DYNAMIC_NO_PIC = NO;
				GCC_NO_COMMON_BLOCKS = YES;
				GCC_OPTIMIZATION_LEVEL = 0;
				GCC_PREPROCESSOR_DEFINITIONS = (
					"DEBUG=1",
					"$(inherited)",
				);
				GCC_WARN_64_TO_32_BIT_CONVERSION = YES;
				GCC_WARN_ABOUT_RETURN_TYPE = YES_ERROR;
				GCC_WARN_UNDECLARED_SELECTOR = YES;
				GCC_WARN_UNINITIALIZED_AUTOS = YES_AGGRESSIVE;
				GCC_WARN_UNUSED_FUNCTION = YES;
				GCC_WARN_UNUSED_VARIABLE = YES;
				IPHONEOS_DEPLOYMENT_TARGET = 15.0;
				MTL_ENABLE_DEBUG_INFO = INCLUDE_SOURCE;
				MTL_FAST_MATH = YES;
				ONLY_ACTIVE_ARCH = YES;
				SDKROOT = iphoneos;
				SWIFT_ACTIVE_COMPILATION_CONDITIONS = DEBUG;
				SWIFT_OPTIMIZATION_LEVEL = "-Onone";
			};
			name = Debug;
		};
		BD5581C9267F06CE0066DDEE /* Release */ = {
			isa = XCBuildConfiguration;
			buildSettings = {
				ALWAYS_SEARCH_USER_PATHS = NO;
				CLANG_ANALYZER_NONNULL = YES;
				CLANG_ANALYZER_NUMBER_OBJECT_CONVERSION = YES_AGGRESSIVE;
				CLANG_CXX_LANGUAGE_STANDARD = "gnu++14";
				CLANG_CXX_LIBRARY = "libc++";
				CLANG_ENABLE_MODULES = YES;
				CLANG_ENABLE_OBJC_ARC = YES;
				CLANG_ENABLE_OBJC_WEAK = YES;
				CLANG_WARN_BLOCK_CAPTURE_AUTORELEASING = YES;
				CLANG_WARN_BOOL_CONVERSION = YES;
				CLANG_WARN_COMMA = YES;
				CLANG_WARN_CONSTANT_CONVERSION = YES;
				CLANG_WARN_DEPRECATED_OBJC_IMPLEMENTATIONS = YES;
				CLANG_WARN_DIRECT_OBJC_ISA_USAGE = YES_ERROR;
				CLANG_WARN_DOCUMENTATION_COMMENTS = YES;
				CLANG_WARN_EMPTY_BODY = YES;
				CLANG_WARN_ENUM_CONVERSION = YES;
				CLANG_WARN_INFINITE_RECURSION = YES;
				CLANG_WARN_INT_CONVERSION = YES;
				CLANG_WARN_NON_LITERAL_NULL_CONVERSION = YES;
				CLANG_WARN_OBJC_IMPLICIT_RETAIN_SELF = YES;
				CLANG_WARN_OBJC_LITERAL_CONVERSION = YES;
				CLANG_WARN_OBJC_ROOT_CLASS = YES_ERROR;
				CLANG_WARN_QUOTED_INCLUDE_IN_FRAMEWORK_HEADER = YES;
				CLANG_WARN_RANGE_LOOP_ANALYSIS = YES;
				CLANG_WARN_STRICT_PROTOTYPES = YES;
				CLANG_WARN_SUSPICIOUS_MOVE = YES;
				CLANG_WARN_UNGUARDED_AVAILABILITY = YES_AGGRESSIVE;
				CLANG_WARN_UNREACHABLE_CODE = YES;
				CLANG_WARN__DUPLICATE_METHOD_MATCH = YES;
				COPY_PHASE_STRIP = NO;
				DEBUG_INFORMATION_FORMAT = "dwarf-with-dsym";
				ENABLE_NS_ASSERTIONS = NO;
				ENABLE_STRICT_OBJC_MSGSEND = YES;
				GCC_C_LANGUAGE_STANDARD = gnu11;
				GCC_NO_COMMON_BLOCKS = YES;
				GCC_WARN_64_TO_32_BIT_CONVERSION = YES;
				GCC_WARN_ABOUT_RETURN_TYPE = YES_ERROR;
				GCC_WARN_UNDECLARED_SELECTOR = YES;
				GCC_WARN_UNINITIALIZED_AUTOS = YES_AGGRESSIVE;
				GCC_WARN_UNUSED_FUNCTION = YES;
				GCC_WARN_UNUSED_VARIABLE = YES;
				IPHONEOS_DEPLOYMENT_TARGET = 15.0;
				MTL_ENABLE_DEBUG_INFO = NO;
				MTL_FAST_MATH = YES;
				SDKROOT = iphoneos;
				SWIFT_COMPILATION_MODE = wholemodule;
				SWIFT_OPTIMIZATION_LEVEL = "-O";
				VALIDATE_PRODUCT = YES;
			};
			name = Release;
		};
		BD5581CB267F06CE0066DDEE /* Debug */ = {
			isa = XCBuildConfiguration;
			buildSettings = {
				ASSETCATALOG_COMPILER_APPICON_NAME = AppIcon;
				ASSETCATALOG_COMPILER_GLOBAL_ACCENT_COLOR_NAME = AccentColor;
				CODE_SIGN_ENTITLEMENTS = "Enjoy Video Together/Enjoy Video Together.entitlements";
				CODE_SIGN_STYLE = Automatic;
				CURRENT_PROJECT_VERSION = 1;
				DEVELOPMENT_ASSET_PATHS = "\"Enjoy Video Together/Preview Content\"";
				DEVELOPMENT_TEAM = 3JGXJ77W39;
				ENABLE_PREVIEWS = YES;
				GENERATE_INFOPLIST_FILE = YES;
				INFOPLIST_FILE = "Enjoy-Video-Together-Info.plist";
				INFOPLIST_KEY_CFBundleDisplayName = "Video Player Demo";
				INFOPLIST_KEY_CFBundleExecutable = "Enjoy Video Together";
				INFOPLIST_KEY_CFBundleName = "Enjoy Video Together";
				INFOPLIST_KEY_CFBundleVersion = 1;
				INFOPLIST_KEY_UIApplicationSceneManifest_Generation = YES;
				INFOPLIST_KEY_UIApplicationSupportsIndirectInputEvents = YES;
				INFOPLIST_KEY_UILaunchScreen_Generation = YES;
				INFOPLIST_KEY_UISupportedInterfaceOrientations = "";
				INFOPLIST_KEY_UISupportedInterfaceOrientations_iPad = "UIInterfaceOrientationPortrait UIInterfaceOrientationPortraitUpsideDown UIInterfaceOrientationLandscapeLeft UIInterfaceOrientationLandscapeRight";
				INFOPLIST_KEY_UISupportedInterfaceOrientations_iPhone = "UIInterfaceOrientationPortrait UIInterfaceOrientationLandscapeLeft UIInterfaceOrientationLandscapeRight";
				INFOPLIST_KEY_UIUserInterfaceStyle = Dark;
				IPHONEOS_DEPLOYMENT_TARGET = 15.0;
				LD_RUNPATH_SEARCH_PATHS = (
					"$(inherited)",
					"@executable_path/Frameworks",
				);
				MARKETING_VERSION = 1.0;
				PRODUCT_BUNDLE_IDENTIFIER = "OUC.edd.Enjoy-Video-Together";
				PRODUCT_NAME = "$(TARGET_NAME)";
				SWIFT_EMIT_LOC_STRINGS = YES;
				SWIFT_VERSION = 5.0;
				TARGETED_DEVICE_FAMILY = "1,2";
			};
			name = Debug;
		};
		BD5581CC267F06CE0066DDEE /* Release */ = {
			isa = XCBuildConfiguration;
			buildSettings = {
				ASSETCATALOG_COMPILER_APPICON_NAME = AppIcon;
				ASSETCATALOG_COMPILER_GLOBAL_ACCENT_COLOR_NAME = AccentColor;
				CODE_SIGN_ENTITLEMENTS = "Enjoy Video Together/Enjoy Video Together.entitlements";
				CODE_SIGN_STYLE = Automatic;
				CURRENT_PROJECT_VERSION = 1;
				DEVELOPMENT_ASSET_PATHS = "\"Enjoy Video Together/Preview Content\"";
				DEVELOPMENT_TEAM = 3JGXJ77W39;
				ENABLE_PREVIEWS = YES;
				GENERATE_INFOPLIST_FILE = YES;
				INFOPLIST_FILE = "Enjoy-Video-Together-Info.plist";
				INFOPLIST_KEY_CFBundleDisplayName = "Video Player Demo";
				INFOPLIST_KEY_CFBundleExecutable = "Enjoy Video Together";
				INFOPLIST_KEY_CFBundleName = "Enjoy Video Together";
				INFOPLIST_KEY_CFBundleVersion = 1;
				INFOPLIST_KEY_UIApplicationSceneManifest_Generation = YES;
				INFOPLIST_KEY_UIApplicationSupportsIndirectInputEvents = YES;
				INFOPLIST_KEY_UILaunchScreen_Generation = YES;
				INFOPLIST_KEY_UISupportedInterfaceOrientations = "";
				INFOPLIST_KEY_UISupportedInterfaceOrientations_iPad = "UIInterfaceOrientationPortrait UIInterfaceOrientationPortraitUpsideDown UIInterfaceOrientationLandscapeLeft UIInterfaceOrientationLandscapeRight";
				INFOPLIST_KEY_UISupportedInterfaceOrientations_iPhone = "UIInterfaceOrientationPortrait UIInterfaceOrientationLandscapeLeft UIInterfaceOrientationLandscapeRight";
				INFOPLIST_KEY_UIUserInterfaceStyle = Dark;
				IPHONEOS_DEPLOYMENT_TARGET = 15.0;
				LD_RUNPATH_SEARCH_PATHS = (
					"$(inherited)",
					"@executable_path/Frameworks",
				);
				MARKETING_VERSION = 1.0;
				PRODUCT_BUNDLE_IDENTIFIER = "OUC.edd.Enjoy-Video-Together";
				PRODUCT_NAME = "$(TARGET_NAME)";
				SWIFT_EMIT_LOC_STRINGS = YES;
				SWIFT_VERSION = 5.0;
				TARGETED_DEVICE_FAMILY = "1,2";
			};
			name = Release;
		};
/* End XCBuildConfiguration section */

/* Begin XCConfigurationList section */
		BD5581B7267F06CD0066DDEE /* Build configuration list for PBXProject "Enjoy Video Together" */ = {
			isa = XCConfigurationList;
			buildConfigurations = (
				BD5581C8267F06CE0066DDEE /* Debug */,
				BD5581C9267F06CE0066DDEE /* Release */,
			);
			defaultConfigurationIsVisible = 0;
			defaultConfigurationName = Release;
		};
		BD5581CA267F06CE0066DDEE /* Build configuration list for PBXNativeTarget "Enjoy Video Together" */ = {
			isa = XCConfigurationList;
			buildConfigurations = (
				BD5581CB267F06CE0066DDEE /* Debug */,
				BD5581CC267F06CE0066DDEE /* Release */,
			);
			defaultConfigurationIsVisible = 0;
			defaultConfigurationName = Release;
		};
/* End XCConfigurationList section */
	};
	rootObject = BD5581B4267F06CD0066DDEE /* Project object */;
}
